// !$*UTF8*$!
{
	archiveVersion = 1;
	classes = {
	};
	objectVersion = 50;
	objects = {

/* Begin PBXBuildFile section */
		AA5073352188DB5800642120 /* AppDelegate.swift in Sources */ = {isa = PBXBuildFile; fileRef = AA5073342188DB5800642120 /* AppDelegate.swift */; };
		AA50733A2188DB5800642120 /* Main.storyboard in Resources */ = {isa = PBXBuildFile; fileRef = AA5073382188DB5800642120 /* Main.storyboard */; };
		AA50733C2188DB5A00642120 /* Assets.xcassets in Resources */ = {isa = PBXBuildFile; fileRef = AA50733B2188DB5A00642120 /* Assets.xcassets */; };
		AA50733F2188DB5A00642120 /* LaunchScreen.storyboard in Resources */ = {isa = PBXBuildFile; fileRef = AA50733D2188DB5A00642120 /* LaunchScreen.storyboard */; };
		AA50734A2188DB5A00642120 /* TodoAppTests.swift in Sources */ = {isa = PBXBuildFile; fileRef = AA5073492188DB5A00642120 /* TodoAppTests.swift */; };
		AA5073552188DB5A00642120 /* TodoAppUITests.swift in Sources */ = {isa = PBXBuildFile; fileRef = AA5073542188DB5A00642120 /* TodoAppUITests.swift */; };
		AA5073632188DDD600642120 /* TasksTableViewController.swift in Sources */ = {isa = PBXBuildFile; fileRef = AA5073622188DDD600642120 /* TasksTableViewController.swift */; };
		AA5073672188DE3400642120 /* TaskCell.swift in Sources */ = {isa = PBXBuildFile; fileRef = AA5073662188DE3400642120 /* TaskCell.swift */; };
		AA5073692188DEA400642120 /* DisplayTaskViewController.swift in Sources */ = {isa = PBXBuildFile; fileRef = AA5073682188DEA400642120 /* DisplayTaskViewController.swift */; };
/* End PBXBuildFile section */

/* Begin PBXContainerItemProxy section */
		AA5073462188DB5A00642120 /* PBXContainerItemProxy */ = {
			isa = PBXContainerItemProxy;
			containerPortal = AA5073292188DB5800642120 /* Project object */;
			proxyType = 1;
			remoteGlobalIDString = AA5073302188DB5800642120;
			remoteInfo = TodoApp;
		};
		AA5073512188DB5A00642120 /* PBXContainerItemProxy */ = {
			isa = PBXContainerItemProxy;
			containerPortal = AA5073292188DB5800642120 /* Project object */;
			proxyType = 1;
			remoteGlobalIDString = AA5073302188DB5800642120;
			remoteInfo = TodoApp;
		};
/* End PBXContainerItemProxy section */

/* Begin PBXFileReference section */
		AA5073312188DB5800642120 /* TodoApp.app */ = {isa = PBXFileReference; explicitFileType = wrapper.application; includeInIndex = 0; path = TodoApp.app; sourceTree = BUILT_PRODUCTS_DIR; };
		AA5073342188DB5800642120 /* AppDelegate.swift */ = {isa = PBXFileReference; lastKnownFileType = sourcecode.swift; path = AppDelegate.swift; sourceTree = "<group>"; };
		AA5073392188DB5800642120 /* Base */ = {isa = PBXFileReference; lastKnownFileType = file.storyboard; name = Base; path = Base.lproj/Main.storyboard; sourceTree = "<group>"; };
		AA50733B2188DB5A00642120 /* Assets.xcassets */ = {isa = PBXFileReference; lastKnownFileType = folder.assetcatalog; path = Assets.xcassets; sourceTree = "<group>"; };
		AA50733E2188DB5A00642120 /* Base */ = {isa = PBXFileReference; lastKnownFileType = file.storyboard; name = Base; path = Base.lproj/LaunchScreen.storyboard; sourceTree = "<group>"; };
		AA5073402188DB5A00642120 /* Info.plist */ = {isa = PBXFileReference; lastKnownFileType = text.plist.xml; path = Info.plist; sourceTree = "<group>"; };
		AA5073452188DB5A00642120 /* TodoAppTests.xctest */ = {isa = PBXFileReference; explicitFileType = wrapper.cfbundle; includeInIndex = 0; path = TodoAppTests.xctest; sourceTree = BUILT_PRODUCTS_DIR; };
		AA5073492188DB5A00642120 /* TodoAppTests.swift */ = {isa = PBXFileReference; lastKnownFileType = sourcecode.swift; path = TodoAppTests.swift; sourceTree = "<group>"; };
		AA50734B2188DB5A00642120 /* Info.plist */ = {isa = PBXFileReference; lastKnownFileType = text.plist.xml; path = Info.plist; sourceTree = "<group>"; };
		AA5073502188DB5A00642120 /* TodoAppUITests.xctest */ = {isa = PBXFileReference; explicitFileType = wrapper.cfbundle; includeInIndex = 0; path = TodoAppUITests.xctest; sourceTree = BUILT_PRODUCTS_DIR; };
		AA5073542188DB5A00642120 /* TodoAppUITests.swift */ = {isa = PBXFileReference; lastKnownFileType = sourcecode.swift; path = TodoAppUITests.swift; sourceTree = "<group>"; };
		AA5073562188DB5A00642120 /* Info.plist */ = {isa = PBXFileReference; lastKnownFileType = text.plist.xml; path = Info.plist; sourceTree = "<group>"; };
		AA5073622188DDD600642120 /* TasksTableViewController.swift */ = {isa = PBXFileReference; lastKnownFileType = sourcecode.swift; path = TasksTableViewController.swift; sourceTree = "<group>"; };
		AA5073662188DE3400642120 /* TaskCell.swift */ = {isa = PBXFileReference; lastKnownFileType = sourcecode.swift; path = TaskCell.swift; sourceTree = "<group>"; };
		AA5073682188DEA400642120 /* DisplayTaskViewController.swift */ = {isa = PBXFileReference; lastKnownFileType = sourcecode.swift; path = DisplayTaskViewController.swift; sourceTree = "<group>"; };
/* End PBXFileReference section */

/* Begin PBXFrameworksBuildPhase section */
		AA50732E2188DB5800642120 /* Frameworks */ = {
			isa = PBXFrameworksBuildPhase;
			buildActionMask = 2147483647;
			files = (
			);
			runOnlyForDeploymentPostprocessing = 0;
		};
		AA5073422188DB5A00642120 /* Frameworks */ = {
			isa = PBXFrameworksBuildPhase;
			buildActionMask = 2147483647;
			files = (
			);
			runOnlyForDeploymentPostprocessing = 0;
		};
		AA50734D2188DB5A00642120 /* Frameworks */ = {
			isa = PBXFrameworksBuildPhase;
			buildActionMask = 2147483647;
			files = (
			);
			runOnlyForDeploymentPostprocessing = 0;
		};
/* End PBXFrameworksBuildPhase section */

/* Begin PBXGroup section */
		AA5073282188DB5800642120 = {
			isa = PBXGroup;
			children = (
				AA5073332188DB5800642120 /* TodoApp */,
				AA5073482188DB5A00642120 /* TodoAppTests */,
				AA5073532188DB5A00642120 /* TodoAppUITests */,
				AA5073322188DB5800642120 /* Products */,
			);
			sourceTree = "<group>";
		};
		AA5073322188DB5800642120 /* Products */ = {
			isa = PBXGroup;
			children = (
				AA5073312188DB5800642120 /* TodoApp.app */,
				AA5073452188DB5A00642120 /* TodoAppTests.xctest */,
				AA5073502188DB5A00642120 /* TodoAppUITests.xctest */,
			);
			name = Products;
			sourceTree = "<group>";
		};
		AA5073332188DB5800642120 /* TodoApp */ = {
			isa = PBXGroup;
			children = (
				AA5073682188DEA400642120 /* DisplayTaskViewController.swift */,
				AA5073662188DE3400642120 /* TaskCell.swift */,
				AA5073622188DDD600642120 /* TasksTableViewController.swift */,
				AA5073342188DB5800642120 /* AppDelegate.swift */,
				AA5073382188DB5800642120 /* Main.storyboard */,
				AA50733B2188DB5A00642120 /* Assets.xcassets */,
				AA50733D2188DB5A00642120 /* LaunchScreen.storyboard */,
				AA5073402188DB5A00642120 /* Info.plist */,
			);
			path = TodoApp;
			sourceTree = "<group>";
		};
		AA5073482188DB5A00642120 /* TodoAppTests */ = {
			isa = PBXGroup;
			children = (
				AA5073492188DB5A00642120 /* TodoAppTests.swift */,
				AA50734B2188DB5A00642120 /* Info.plist */,
			);
			path = TodoAppTests;
			sourceTree = "<group>";
		};
		AA5073532188DB5A00642120 /* TodoAppUITests */ = {
			isa = PBXGroup;
			children = (
				AA5073542188DB5A00642120 /* TodoAppUITests.swift */,
				AA5073562188DB5A00642120 /* Info.plist */,
			);
			path = TodoAppUITests;
			sourceTree = "<group>";
		};
/* End PBXGroup section */

/* Begin PBXNativeTarget section */
		AA5073302188DB5800642120 /* TodoApp */ = {
			isa = PBXNativeTarget;
			buildConfigurationList = AA5073592188DB5A00642120 /* Build configuration list for PBXNativeTarget "TodoApp" */;
			buildPhases = (
				AA50732D2188DB5800642120 /* Sources */,
				AA50732E2188DB5800642120 /* Frameworks */,
				AA50732F2188DB5800642120 /* Resources */,
			);
			buildRules = (
			);
			dependencies = (
			);
			name = TodoApp;
			productName = TodoApp;
			productReference = AA5073312188DB5800642120 /* TodoApp.app */;
			productType = "com.apple.product-type.application";
		};
		AA5073442188DB5A00642120 /* TodoAppTests */ = {
			isa = PBXNativeTarget;
			buildConfigurationList = AA50735C2188DB5A00642120 /* Build configuration list for PBXNativeTarget "TodoAppTests" */;
			buildPhases = (
				AA5073412188DB5A00642120 /* Sources */,
				AA5073422188DB5A00642120 /* Frameworks */,
				AA5073432188DB5A00642120 /* Resources */,
			);
			buildRules = (
			);
			dependencies = (
				AA5073472188DB5A00642120 /* PBXTargetDependency */,
			);
			name = TodoAppTests;
			productName = TodoAppTests;
			productReference = AA5073452188DB5A00642120 /* TodoAppTests.xctest */;
			productType = "com.apple.product-type.bundle.unit-test";
		};
		AA50734F2188DB5A00642120 /* TodoAppUITests */ = {
			isa = PBXNativeTarget;
			buildConfigurationList = AA50735F2188DB5A00642120 /* Build configuration list for PBXNativeTarget "TodoAppUITests" */;
			buildPhases = (
				AA50734C2188DB5A00642120 /* Sources */,
				AA50734D2188DB5A00642120 /* Frameworks */,
				AA50734E2188DB5A00642120 /* Resources */,
			);
			buildRules = (
			);
			dependencies = (
				AA5073522188DB5A00642120 /* PBXTargetDependency */,
			);
			name = TodoAppUITests;
			productName = TodoAppUITests;
			productReference = AA5073502188DB5A00642120 /* TodoAppUITests.xctest */;
			productType = "com.apple.product-type.bundle.ui-testing";
		};
/* End PBXNativeTarget section */

/* Begin PBXProject section */
		AA5073292188DB5800642120 /* Project object */ = {
			isa = PBXProject;
			attributes = {
				LastSwiftUpdateCheck = 1000;
				LastUpgradeCheck = 1000;
				ORGANIZATIONNAME = "kyaw tun";
				TargetAttributes = {
					AA5073302188DB5800642120 = {
						CreatedOnToolsVersion = 10.0;
					};
					AA5073442188DB5A00642120 = {
						CreatedOnToolsVersion = 10.0;
						TestTargetID = AA5073302188DB5800642120;
					};
					AA50734F2188DB5A00642120 = {
						CreatedOnToolsVersion = 10.0;
						TestTargetID = AA5073302188DB5800642120;
					};
				};
			};
			buildConfigurationList = AA50732C2188DB5800642120 /* Build configuration list for PBXProject "TodoApp" */;
			compatibilityVersion = "Xcode 9.3";
			developmentRegion = en;
			hasScannedForEncodings = 0;
			knownRegions = (
				en,
				Base,
			);
			mainGroup = AA5073282188DB5800642120;
			productRefGroup = AA5073322188DB5800642120 /* Products */;
			projectDirPath = "";
			projectRoot = "";
			targets = (
				AA5073302188DB5800642120 /* TodoApp */,
				AA5073442188DB5A00642120 /* TodoAppTests */,
				AA50734F2188DB5A00642120 /* TodoAppUITests */,
			);
		};
/* End PBXProject section */

/* Begin PBXResourcesBuildPhase section */
		AA50732F2188DB5800642120 /* Resources */ = {
			isa = PBXResourcesBuildPhase;
			buildActionMask = 2147483647;
			files = (
				AA50733F2188DB5A00642120 /* LaunchScreen.storyboard in Resources */,
				AA50733C2188DB5A00642120 /* Assets.xcassets in Resources */,
				AA50733A2188DB5800642120 /* Main.storyboard in Resources */,
			);
			runOnlyForDeploymentPostprocessing = 0;
		};
		AA5073432188DB5A00642120 /* Resources */ = {
			isa = PBXResourcesBuildPhase;
			buildActionMask = 2147483647;
			files = (
			);
			runOnlyForDeploymentPostprocessing = 0;
		};
		AA50734E2188DB5A00642120 /* Resources */ = {
			isa = PBXResourcesBuildPhase;
			buildActionMask = 2147483647;
			files = (
			);
			runOnlyForDeploymentPostprocessing = 0;
		};
/* End PBXResourcesBuildPhase section */

/* Begin PBXSourcesBuildPhase section */
		AA50732D2188DB5800642120 /* Sources */ = {
			isa = PBXSourcesBuildPhase;
			buildActionMask = 2147483647;
			files = (
				AA5073632188DDD600642120 /* TasksTableViewController.swift in Sources */,
				AA5073672188DE3400642120 /* TaskCell.swift in Sources */,
				AA5073692188DEA400642120 /* DisplayTaskViewController.swift in Sources */,
				AA5073352188DB5800642120 /* AppDelegate.swift in Sources */,
			);
			runOnlyForDeploymentPostprocessing = 0;
		};
		AA5073412188DB5A00642120 /* Sources */ = {
			isa = PBXSourcesBuildPhase;
			buildActionMask = 2147483647;
			files = (
				AA50734A2188DB5A00642120 /* TodoAppTests.swift in Sources */,
			);
			runOnlyForDeploymentPostprocessing = 0;
		};
		AA50734C2188DB5A00642120 /* Sources */ = {
			isa = PBXSourcesBuildPhase;
			buildActionMask = 2147483647;
			files = (
				AA5073552188DB5A00642120 /* TodoAppUITests.swift in Sources */,
			);
			runOnlyForDeploymentPostprocessing = 0;
		};
/* End PBXSourcesBuildPhase section */

/* Begin PBXTargetDependency section */
		AA5073472188DB5A00642120 /* PBXTargetDependency */ = {
			isa = PBXTargetDependency;
			target = AA5073302188DB5800642120 /* TodoApp */;
			targetProxy = AA5073462188DB5A00642120 /* PBXContainerItemProxy */;
		};
		AA5073522188DB5A00642120 /* PBXTargetDependency */ = {
			isa = PBXTargetDependency;
			target = AA5073302188DB5800642120 /* TodoApp */;
			targetProxy = AA5073512188DB5A00642120 /* PBXContainerItemProxy */;
		};
/* End PBXTargetDependency section */

/* Begin PBXVariantGroup section */
		AA5073382188DB5800642120 /* Main.storyboard */ = {
			isa = PBXVariantGroup;
			children = (
				AA5073392188DB5800642120 /* Base */,
			);
			name = Main.storyboard;
			sourceTree = "<group>";
		};
		AA50733D2188DB5A00642120 /* LaunchScreen.storyboard */ = {
			isa = PBXVariantGroup;
			children = (
				AA50733E2188DB5A00642120 /* Base */,
			);
			name = LaunchScreen.storyboard;
			sourceTree = "<group>";
		};
/* End PBXVariantGroup section */

/* Begin XCBuildConfiguration section */
		AA5073572188DB5A00642120 /* Debug */ = {
			isa = XCBuildConfiguration;
			buildSettings = {
				ALWAYS_SEARCH_USER_PATHS = NO;
				CLANG_ANALYZER_NONNULL = YES;
				CLANG_ANALYZER_NUMBER_OBJECT_CONVERSION = YES_AGGRESSIVE;
				CLANG_CXX_LANGUAGE_STANDARD = "gnu++14";
				CLANG_CXX_LIBRARY = "libc++";
				CLANG_ENABLE_MODULES = YES;
				CLANG_ENABLE_OBJC_ARC = YES;
				CLANG_ENABLE_OBJC_WEAK = YES;
				CLANG_WARN_BLOCK_CAPTURE_AUTORELEASING = YES;
				CLANG_WARN_BOOL_CONVERSION = YES;
				CLANG_WARN_COMMA = YES;
				CLANG_WARN_CONSTANT_CONVERSION = YES;
				CLANG_WARN_DEPRECATED_OBJC_IMPLEMENTATIONS = YES;
				CLANG_WARN_DIRECT_OBJC_ISA_USAGE = YES_ERROR;
				CLANG_WARN_DOCUMENTATION_COMMENTS = YES;
				CLANG_WARN_EMPTY_BODY = YES;
				CLANG_WARN_ENUM_CONVERSION = YES;
				CLANG_WARN_INFINITE_RECURSION = YES;
				CLANG_WARN_INT_CONVERSION = YES;
				CLANG_WARN_NON_LITERAL_NULL_CONVERSION = YES;
				CLANG_WARN_OBJC_IMPLICIT_RETAIN_SELF = YES;
				CLANG_WARN_OBJC_LITERAL_CONVERSION = YES;
				CLANG_WARN_OBJC_ROOT_CLASS = YES_ERROR;
				CLANG_WARN_RANGE_LOOP_ANALYSIS = YES;
				CLANG_WARN_STRICT_PROTOTYPES = YES;
				CLANG_WARN_SUSPICIOUS_MOVE = YES;
				CLANG_WARN_UNGUARDED_AVAILABILITY = YES_AGGRESSIVE;
				CLANG_WARN_UNREACHABLE_CODE = YES;
				CLANG_WARN__DUPLICATE_METHOD_MATCH = YES;
				CODE_SIGN_IDENTITY = "iPhone Developer";
				COPY_PHASE_STRIP = NO;
				DEBUG_INFORMATION_FORMAT = dwarf;
				ENABLE_STRICT_OBJC_MSGSEND = YES;
				ENABLE_TESTABILITY = YES;
				GCC_C_LANGUAGE_STANDARD = gnu11;
				GCC_DYNAMIC_NO_PIC = NO;
				GCC_NO_COMMON_BLOCKS = YES;
				GCC_OPTIMIZATION_LEVEL = 0;
				GCC_PREPROCESSOR_DEFINITIONS = (
					"DEBUG=1",
					"$(inherited)",
				);
				GCC_WARN_64_TO_32_BIT_CONVERSION = YES;
				GCC_WARN_ABOUT_RETURN_TYPE = YES_ERROR;
				GCC_WARN_UNDECLARED_SELECTOR = YES;
				GCC_WARN_UNINITIALIZED_AUTOS = YES_AGGRESSIVE;
				GCC_WARN_UNUSED_FUNCTION = YES;
				GCC_WARN_UNUSED_VARIABLE = YES;
				IPHONEOS_DEPLOYMENT_TARGET = 12.0;
				MTL_ENABLE_DEBUG_INFO = INCLUDE_SOURCE;
				MTL_FAST_MATH = YES;
				ONLY_ACTIVE_ARCH = YES;
				SDKROOT = iphoneos;
				SWIFT_ACTIVE_COMPILATION_CONDITIONS = DEBUG;
				SWIFT_OPTIMIZATION_LEVEL = "-Onone";
			};
			name = Debug;
		};
		AA5073582188DB5A00642120 /* Release */ = {
			isa = XCBuildConfiguration;
			buildSettings = {
				ALWAYS_SEARCH_USER_PATHS = NO;
				CLANG_ANALYZER_NONNULL = YES;
				CLANG_ANALYZER_NUMBER_OBJECT_CONVERSION = YES_AGGRESSIVE;
				CLANG_CXX_LANGUAGE_STANDARD = "gnu++14";
				CLANG_CXX_LIBRARY = "libc++";
				CLANG_ENABLE_MODULES = YES;
				CLANG_ENABLE_OBJC_ARC = YES;
				CLANG_ENABLE_OBJC_WEAK = YES;
				CLANG_WARN_BLOCK_CAPTURE_AUTORELEASING = YES;
				CLANG_WARN_BOOL_CONVERSION = YES;
				CLANG_WARN_COMMA = YES;
				CLANG_WARN_CONSTANT_CONVERSION = YES;
				CLANG_WARN_DEPRECATED_OBJC_IMPLEMENTATIONS = YES;
				CLANG_WARN_DIRECT_OBJC_ISA_USAGE = YES_ERROR;
				CLANG_WARN_DOCUMENTATION_COMMENTS = YES;
				CLANG_WARN_EMPTY_BODY = YES;
				CLANG_WARN_ENUM_CONVERSION = YES;
				CLANG_WARN_INFINITE_RECURSION = YES;
				CLANG_WARN_INT_CONVERSION = YES;
				CLANG_WARN_NON_LITERAL_NULL_CONVERSION = YES;
				CLANG_WARN_OBJC_IMPLICIT_RETAIN_SELF = YES;
				CLANG_WARN_OBJC_LITERAL_CONVERSION = YES;
				CLANG_WARN_OBJC_ROOT_CLASS = YES_ERROR;
				CLANG_WARN_RANGE_LOOP_ANALYSIS = YES;
				CLANG_WARN_STRICT_PROTOTYPES = YES;
				CLANG_WARN_SUSPICIOUS_MOVE = YES;
				CLANG_WARN_UNGUARDED_AVAILABILITY = YES_AGGRESSIVE;
				CLANG_WARN_UNREACHABLE_CODE = YES;
				CLANG_WARN__DUPLICATE_METHOD_MATCH = YES;
				CODE_SIGN_IDENTITY = "iPhone Developer";
				COPY_PHASE_STRIP = NO;
				DEBUG_INFORMATION_FORMAT = "dwarf-with-dsym";
				ENABLE_NS_ASSERTIONS = NO;
				ENABLE_STRICT_OBJC_MSGSEND = YES;
				GCC_C_LANGUAGE_STANDARD = gnu11;
				GCC_NO_COMMON_BLOCKS = YES;
				GCC_WARN_64_TO_32_BIT_CONVERSION = YES;
				GCC_WARN_ABOUT_RETURN_TYPE = YES_ERROR;
				GCC_WARN_UNDECLARED_SELECTOR = YES;
				GCC_WARN_UNINITIALIZED_AUTOS = YES_AGGRESSIVE;
				GCC_WARN_UNUSED_FUNCTION = YES;
				GCC_WARN_UNUSED_VARIABLE = YES;
				IPHONEOS_DEPLOYMENT_TARGET = 12.0;
				MTL_ENABLE_DEBUG_INFO = NO;
				MTL_FAST_MATH = YES;
				SDKROOT = iphoneos;
				SWIFT_COMPILATION_MODE = wholemodule;
				SWIFT_OPTIMIZATION_LEVEL = "-O";
				VALIDATE_PRODUCT = YES;
			};
			name = Release;
		};
		AA50735A2188DB5A00642120 /* Debug */ = {
			isa = XCBuildConfiguration;
			buildSettings = {
				ASSETCATALOG_COMPILER_APPICON_NAME = AppIcon;
				CODE_SIGN_STYLE = Automatic;
				DEVELOPMENT_TEAM = N4BQBQP6WT;
				INFOPLIST_FILE = TodoApp/Info.plist;
				LD_RUNPATH_SEARCH_PATHS = (
					"$(inherited)",
					"@executable_path/Frameworks",
				);
				PRODUCT_BUNDLE_IDENTIFIER = SFSU.TodoApp;
				PRODUCT_NAME = "$(TARGET_NAME)";
				SWIFT_VERSION = 4.2;
				TARGETED_DEVICE_FAMILY = "1,2";
			};
			name = Debug;
		};
		AA50735B2188DB5A00642120 /* Release */ = {
			isa = XCBuildConfiguration;
			buildSettings = {
				ASSETCATALOG_COMPILER_APPICON_NAME = AppIcon;
				CODE_SIGN_STYLE = Automatic;
				DEVELOPMENT_TEAM = N4BQBQP6WT;
				INFOPLIST_FILE = TodoApp/Info.plist;
				LD_RUNPATH_SEARCH_PATHS = (
					"$(inherited)",
					"@executable_path/Frameworks",
				);
				PRODUCT_BUNDLE_IDENTIFIER = SFSU.TodoApp;
				PRODUCT_NAME = "$(TARGET_NAME)";
				SWIFT_VERSION = 4.2;
				TARGETED_DEVICE_FAMILY = "1,2";
			};
			name = Release;
		};
		AA50735D2188DB5A00642120 /* Debug */ = {
			isa = XCBuildConfiguration;
			buildSettings = {
				ALWAYS_EMBED_SWIFT_STANDARD_LIBRARIES = YES;
				BUNDLE_LOADER = "$(TEST_HOST)";
				CODE_SIGN_STYLE = Automatic;
				DEVELOPMENT_TEAM = N4BQBQP6WT;
				INFOPLIST_FILE = TodoAppTests/Info.plist;
				LD_RUNPATH_SEARCH_PATHS = (
					"$(inherited)",
					"@executable_path/Frameworks",
					"@loader_path/Frameworks",
				);
				PRODUCT_BUNDLE_IDENTIFIER = SFSU.TodoAppTests;
				PRODUCT_NAME = "$(TARGET_NAME)";
				SWIFT_VERSION = 4.2;
				TARGETED_DEVICE_FAMILY = "1,2";
				TEST_HOST = "$(BUILT_PRODUCTS_DIR)/TodoApp.app/TodoApp";
			};
			name = Debug;
		};
		AA50735E2188DB5A00642120 /* Release */ = {
			isa = XCBuildConfiguration;
			buildSettings = {
				ALWAYS_EMBED_SWIFT_STANDARD_LIBRARIES = YES;
				BUNDLE_LOADER = "$(TEST_HOST)";
				CODE_SIGN_STYLE = Automatic;
				DEVELOPMENT_TEAM = N4BQBQP6WT;
				INFOPLIST_FILE = TodoAppTests/Info.plist;
				LD_RUNPATH_SEARCH_PATHS = (
					"$(inherited)",
					"@executable_path/Frameworks",
					"@loader_path/Frameworks",
				);
				PRODUCT_BUNDLE_IDENTIFIER = SFSU.TodoAppTests;
				PRODUCT_NAME = "$(TARGET_NAME)";
				SWIFT_VERSION = 4.2;
				TARGETED_DEVICE_FAMILY = "1,2";
				TEST_HOST = "$(BUILT_PRODUCTS_DIR)/TodoApp.app/TodoApp";
			};
			name = Release;
		};
		AA5073602188DB5A00642120 /* Debug */ = {
			isa = XCBuildConfiguration;
			buildSettings = {
				ALWAYS_EMBED_SWIFT_STANDARD_LIBRARIES = YES;
				CODE_SIGN_STYLE = Automatic;
				DEVELOPMENT_TEAM = N4BQBQP6WT;
				INFOPLIST_FILE = TodoAppUITests/Info.plist;
				LD_RUNPATH_SEARCH_PATHS = (
					"$(inherited)",
					"@executable_path/Frameworks",
					"@loader_path/Frameworks",
				);
				PRODUCT_BUNDLE_IDENTIFIER = SFSU.TodoAppUITests;
				PRODUCT_NAME = "$(TARGET_NAME)";
				SWIFT_VERSION = 4.2;
				TARGETED_DEVICE_FAMILY = "1,2";
				TEST_TARGET_NAME = TodoApp;
			};
			name = Debug;
		};
		AA5073612188DB5A00642120 /* Release */ = {
			isa = XCBuildConfiguration;
			buildSettings = {
				ALWAYS_EMBED_SWIFT_STANDARD_LIBRARIES = YES;
				CODE_SIGN_STYLE = Automatic;
				DEVELOPMENT_TEAM = N4BQBQP6WT;
				INFOPLIST_FILE = TodoAppUITests/Info.plist;
				LD_RUNPATH_SEARCH_PATHS = (
					"$(inherited)",
					"@executable_path/Frameworks",
					"@loader_path/Frameworks",
				);
				PRODUCT_BUNDLE_IDENTIFIER = SFSU.TodoAppUITests;
				PRODUCT_NAME = "$(TARGET_NAME)";
				SWIFT_VERSION = 4.2;
				TARGETED_DEVICE_FAMILY = "1,2";
				TEST_TARGET_NAME = TodoApp;
			};
			name = Release;
		};
/* End XCBuildConfiguration section */

/* Begin XCConfigurationList section */
		AA50732C2188DB5800642120 /* Build configuration list for PBXProject "TodoApp" */ = {
			isa = XCConfigurationList;
			buildConfigurations = (
				AA5073572188DB5A00642120 /* Debug */,
				AA5073582188DB5A00642120 /* Release */,
			);
			defaultConfigurationIsVisible = 0;
			defaultConfigurationName = Release;
		};
		AA5073592188DB5A00642120 /* Build configuration list for PBXNativeTarget "TodoApp" */ = {
			isa = XCConfigurationList;
			buildConfigurations = (
				AA50735A2188DB5A00642120 /* Debug */,
				AA50735B2188DB5A00642120 /* Release */,
			);
			defaultConfigurationIsVisible = 0;
			defaultConfigurationName = Release;
		};
		AA50735C2188DB5A00642120 /* Build configuration list for PBXNativeTarget "TodoAppTests" */ = {
			isa = XCConfigurationList;
			buildConfigurations = (
				AA50735D2188DB5A00642120 /* Debug */,
				AA50735E2188DB5A00642120 /* Release */,
			);
			defaultConfigurationIsVisible = 0;
			defaultConfigurationName = Release;
		};
		AA50735F2188DB5A00642120 /* Build configuration list for PBXNativeTarget "TodoAppUITests" */ = {
			isa = XCConfigurationList;
			buildConfigurations = (
				AA5073602188DB5A00642120 /* Debug */,
				AA5073612188DB5A00642120 /* Release */,
			);
			defaultConfigurationIsVisible = 0;
			defaultConfigurationName = Release;
		};
/* End XCConfigurationList section */
	};
	rootObject = AA5073292188DB5800642120 /* Project object */;
}
